
Microsoft Visual Studio Solution File, Format Version 12.00
# Visual Studio Version 17
VisualStudioVersion = 17.9.34616.47
MinimumVisualStudioVersion = 10.0.40219.1
Project("{9A19103F-16F7-4668-BE54-9A1E7A4F7556}") = "ContactsApp.Test", "ContactsApp.Test\ContactsApp.Test.csproj", "{39DCCCED-BA4C-41F5-9C81-F3789CFEADD6}"
EndProject
Project("{FAE04EC0-301F-11D3-BF4B-00C04F79EFBC}") = "ContactsWeb.Server", "ContactsWeb\ContactsWeb.Server\ContactsWeb.Server.csproj", "{828CE54B-36C7-4AB7-82F3-F7015AFDD5BB}"
EndProject
Project("{54A90642-561A-4BB1-A94E-469ADEE60C69}") = "contactsweb.client", "ContactsWeb\contactsweb.client\contactsweb.client.esproj", "{0EF847BC-13D9-4A61-BD49-06F2C44E4FAD}"
EndProject
Global
	GlobalSection(SolutionConfigurationPlatforms) = preSolution
		Debug|Any CPU = Debug|Any CPU
		Release|Any CPU = Release|Any CPU
	EndGlobalSection
	GlobalSection(ProjectConfigurationPlatforms) = postSolution
		{39DCCCED-BA4C-41F5-9C81-F3789CFEADD6}.Debug|Any CPU.ActiveCfg = Debug|Any CPU
		{39DCCCED-BA4C-41F5-9C81-F3789CFEADD6}.Debug|Any CPU.Build.0 = Debug|Any CPU
		{39DCCCED-BA4C-41F5-9C81-F3789CFEADD6}.Release|Any CPU.ActiveCfg = Release|Any CPU
		{39DCCCED-BA4C-41F5-9C81-F3789CFEADD6}.Release|Any CPU.Build.0 = Release|Any CPU
		{828CE54B-36C7-4AB7-82F3-F7015AFDD5BB}.Debug|Any CPU.ActiveCfg = Debug|Any CPU
		{828CE54B-36C7-4AB7-82F3-F7015AFDD5BB}.Debug|Any CPU.Build.0 = Debug|Any CPU
		{828CE54B-36C7-4AB7-82F3-F7015AFDD5BB}.Release|Any CPU.ActiveCfg = Release|Any CPU
		{828CE54B-36C7-4AB7-82F3-F7015AFDD5BB}.Release|Any CPU.Build.0 = Release|Any CPU
		{0EF847BC-13D9-4A61-BD49-06F2C44E4FAD}.Debug|Any CPU.ActiveCfg = Debug|Any CPU
		{0EF847BC-13D9-4A61-BD49-06F2C44E4FAD}.Debug|Any CPU.Build.0 = Debug|Any CPU
		{0EF847BC-13D9-4A61-BD49-06F2C44E4FAD}.Debug|Any CPU.Deploy.0 = Debug|Any CPU
		{0EF847BC-13D9-4A61-BD49-06F2C44E4FAD}.Release|Any CPU.ActiveCfg = Release|Any CPU
		{0EF847BC-13D9-4A61-BD49-06F2C44E4FAD}.Release|Any CPU.Build.0 = Release|Any CPU
		{0EF847BC-13D9-4A61-BD49-06F2C44E4FAD}.Release|Any CPU.Deploy.0 = Release|Any CPU
	EndGlobalSection
	GlobalSection(SolutionProperties) = preSolution
		HideSolutionNode = FALSE
	EndGlobalSection
	GlobalSection(ExtensibilityGlobals) = postSolution
		SolutionGuid = {E51F9863-676E-43E9-9B60-70FA7D1435E7}
	EndGlobalSection
EndGlobal
